
Microsoft Visual Studio Solution File, Format Version 12.00
Project("{2150E333-8FDC-42A3-9474-1A3956D46DE8}") = "Charts", "Charts", "{687E7A04-A72E-479E-8960-1CB209E45785}"
EndProject
Project("{FAE04EC0-301F-11D3-BF4B-00C04F79EFBC}") = "Area3DStackedChart", "Charts\Area3DStackedChart\Area3DStackedChart.csproj", "{A9F16CC2-814E-4A56-B45E-83197983159D}"
EndProject
Project("{FAE04EC0-301F-11D3-BF4B-00C04F79EFBC}") = "Helpers", "Charts\Helpers\Helpers.csproj", "{4D57C10B-E3B3-4D14-B5F2-B46E74AF6812}"
EndProject
Project("{FAE04EC0-301F-11D3-BF4B-00C04F79EFBC}") = "AreaStackedChart", "Charts\AreaStackedChart\AreaStackedChart.csproj", "{8A2E6202-170C-4E7A-A10F-D5D48521EAA8}"
EndProject
Project("{FAE04EC0-301F-11D3-BF4B-00C04F79EFBC}") = "Bar3D100StackedChart", "Charts\Bar3D100StackedChart\Bar3D100StackedChart.csproj", "{DDF0F71F-E601-4150-8DE6-1D65198C8CAF}"
EndProject
Project("{FAE04EC0-301F-11D3-BF4B-00C04F79EFBC}") = "Column3DClusteredChart", "Charts\Column3DClusteredChart\Column3DClusteredChart.csproj", "{572C97A4-5BE2-4BEA-B666-64518B82B992}"
EndProject
Project("{FAE04EC0-301F-11D3-BF4B-00C04F79EFBC}") = "Column3DChart", "Charts\Column3DChart\Column3DChart.csproj", "{2533892C-50A7-4024-ACC4-98E2E2FA38A6}"
EndProject
Project("{FAE04EC0-301F-11D3-BF4B-00C04F79EFBC}") = "BarStackedChart", "Charts\BarStackedChart\BarStackedChart.csproj", "{D0C71CB3-94CD-4DA4-9FF7-7C4FD5DB99BA}"
EndProject
Project("{FAE04EC0-301F-11D3-BF4B-00C04F79EFBC}") = "ColumnClusteredChart", "Charts\ColumnClusteredChart\ColumnClusteredChart.csproj", "{7FCCC348-0E4F-4D31-825D-02E3B67D1E4E}"
EndProject
Project("{FAE04EC0-301F-11D3-BF4B-00C04F79EFBC}") = "FreezePanes", "FreezePanes\FreezePanes.csproj", "{4F12B6F1-9BE4-4F04-A97E-5A9BD27FA4FA}"
EndProject
Project("{FAE04EC0-301F-11D3-BF4B-00C04F79EFBC}") = "ColumnClusteredChartWithMultiLevelCategoryLabels", "Charts\ColumnClusteredChartWithMultiLevelCategoryLabels\ColumnClusteredChartWithMultiLevelCategoryLabels.csproj", "{AFAB717B-38C7-4851-A578-0E6DFA914FBC}"
EndProject
Project("{FAE04EC0-301F-11D3-BF4B-00C04F79EFBC}") = "BoxAndWhiskerChart", "Charts\BoxAndWhiskerChart\BoxAndWhiskerChart.csproj", "{DFBB0EDF-2001-4E8A-9095-80165F7911E7}"
EndProject
Global
	GlobalSection(SolutionConfigurationPlatforms) = preSolution
		Debug|Any CPU = Debug|Any CPU
		Release|Any CPU = Release|Any CPU
	EndGlobalSection
	GlobalSection(ProjectConfigurationPlatforms) = postSolution
		{A9F16CC2-814E-4A56-B45E-83197983159D}.Debug|Any CPU.ActiveCfg = Debug|Any CPU
		{A9F16CC2-814E-4A56-B45E-83197983159D}.Debug|Any CPU.Build.0 = Debug|Any CPU
		{A9F16CC2-814E-4A56-B45E-83197983159D}.Release|Any CPU.ActiveCfg = Release|Any CPU
		{A9F16CC2-814E-4A56-B45E-83197983159D}.Release|Any CPU.Build.0 = Release|Any CPU
		{4D57C10B-E3B3-4D14-B5F2-B46E74AF6812}.Debug|Any CPU.ActiveCfg = Debug|Any CPU
		{4D57C10B-E3B3-4D14-B5F2-B46E74AF6812}.Debug|Any CPU.Build.0 = Debug|Any CPU
		{4D57C10B-E3B3-4D14-B5F2-B46E74AF6812}.Release|Any CPU.ActiveCfg = Release|Any CPU
		{4D57C10B-E3B3-4D14-B5F2-B46E74AF6812}.Release|Any CPU.Build.0 = Release|Any CPU
		{8A2E6202-170C-4E7A-A10F-D5D48521EAA8}.Debug|Any CPU.ActiveCfg = Debug|Any CPU
		{8A2E6202-170C-4E7A-A10F-D5D48521EAA8}.Debug|Any CPU.Build.0 = Debug|Any CPU
		{8A2E6202-170C-4E7A-A10F-D5D48521EAA8}.Release|Any CPU.ActiveCfg = Release|Any CPU
		{8A2E6202-170C-4E7A-A10F-D5D48521EAA8}.Release|Any CPU.Build.0 = Release|Any CPU
		{DDF0F71F-E601-4150-8DE6-1D65198C8CAF}.Debug|Any CPU.ActiveCfg = Debug|Any CPU
		{DDF0F71F-E601-4150-8DE6-1D65198C8CAF}.Debug|Any CPU.Build.0 = Debug|Any CPU
		{DDF0F71F-E601-4150-8DE6-1D65198C8CAF}.Release|Any CPU.ActiveCfg = Release|Any CPU
		{DDF0F71F-E601-4150-8DE6-1D65198C8CAF}.Release|Any CPU.Build.0 = Release|Any CPU
		{572C97A4-5BE2-4BEA-B666-64518B82B992}.Debug|Any CPU.ActiveCfg = Debug|Any CPU
		{572C97A4-5BE2-4BEA-B666-64518B82B992}.Debug|Any CPU.Build.0 = Debug|Any CPU
		{572C97A4-5BE2-4BEA-B666-64518B82B992}.Release|Any CPU.ActiveCfg = Release|Any CPU
		{572C97A4-5BE2-4BEA-B666-64518B82B992}.Release|Any CPU.Build.0 = Release|Any CPU
		{2533892C-50A7-4024-ACC4-98E2E2FA38A6}.Debug|Any CPU.ActiveCfg = Debug|Any CPU
		{2533892C-50A7-4024-ACC4-98E2E2FA38A6}.Debug|Any CPU.Build.0 = Debug|Any CPU
		{2533892C-50A7-4024-ACC4-98E2E2FA38A6}.Release|Any CPU.ActiveCfg = Release|Any CPU
		{2533892C-50A7-4024-ACC4-98E2E2FA38A6}.Release|Any CPU.Build.0 = Release|Any CPU
		{D0C71CB3-94CD-4DA4-9FF7-7C4FD5DB99BA}.Debug|Any CPU.ActiveCfg = Debug|Any CPU
		{D0C71CB3-94CD-4DA4-9FF7-7C4FD5DB99BA}.Debug|Any CPU.Build.0 = Debug|Any CPU
		{D0C71CB3-94CD-4DA4-9FF7-7C4FD5DB99BA}.Release|Any CPU.ActiveCfg = Release|Any CPU
		{D0C71CB3-94CD-4DA4-9FF7-7C4FD5DB99BA}.Release|Any CPU.Build.0 = Release|Any CPU
		{7FCCC348-0E4F-4D31-825D-02E3B67D1E4E}.Debug|Any CPU.ActiveCfg = Debug|Any CPU
		{7FCCC348-0E4F-4D31-825D-02E3B67D1E4E}.Debug|Any CPU.Build.0 = Debug|Any CPU
		{7FCCC348-0E4F-4D31-825D-02E3B67D1E4E}.Release|Any CPU.ActiveCfg = Release|Any CPU
		{7FCCC348-0E4F-4D31-825D-02E3B67D1E4E}.Release|Any CPU.Build.0 = Release|Any CPU
		{4F12B6F1-9BE4-4F04-A97E-5A9BD27FA4FA}.Debug|Any CPU.ActiveCfg = Debug|Any CPU
		{4F12B6F1-9BE4-4F04-A97E-5A9BD27FA4FA}.Debug|Any CPU.Build.0 = Debug|Any CPU
		{4F12B6F1-9BE4-4F04-A97E-5A9BD27FA4FA}.Release|Any CPU.ActiveCfg = Release|Any CPU
		{4F12B6F1-9BE4-4F04-A97E-5A9BD27FA4FA}.Release|Any CPU.Build.0 = Release|Any CPU
		{AFAB717B-38C7-4851-A578-0E6DFA914FBC}.Debug|Any CPU.ActiveCfg = Debug|Any CPU
		{AFAB717B-38C7-4851-A578-0E6DFA914FBC}.Debug|Any CPU.Build.0 = Debug|Any CPU
		{AFAB717B-38C7-4851-A578-0E6DFA914FBC}.Release|Any CPU.ActiveCfg = Release|Any CPU
		{AFAB717B-38C7-4851-A578-0E6DFA914FBC}.Release|Any CPU.Build.0 = Release|Any CPU
		{DFBB0EDF-2001-4E8A-9095-80165F7911E7}.Debug|Any CPU.ActiveCfg = Debug|Any CPU
		{DFBB0EDF-2001-4E8A-9095-80165F7911E7}.Debug|Any CPU.Build.0 = Debug|Any CPU
		{DFBB0EDF-2001-4E8A-9095-80165F7911E7}.Release|Any CPU.ActiveCfg = Release|Any CPU
		{DFBB0EDF-2001-4E8A-9095-80165F7911E7}.Release|Any CPU.Build.0 = Release|Any CPU
	EndGlobalSection
	GlobalSection(NestedProjects) = preSolution
		{A9F16CC2-814E-4A56-B45E-83197983159D} = {687E7A04-A72E-479E-8960-1CB209E45785}
		{4D57C10B-E3B3-4D14-B5F2-B46E74AF6812} = {687E7A04-A72E-479E-8960-1CB209E45785}
		{8A2E6202-170C-4E7A-A10F-D5D48521EAA8} = {687E7A04-A72E-479E-8960-1CB209E45785}
		{DDF0F71F-E601-4150-8DE6-1D65198C8CAF} = {687E7A04-A72E-479E-8960-1CB209E45785}
		{572C97A4-5BE2-4BEA-B666-64518B82B992} = {687E7A04-A72E-479E-8960-1CB209E45785}
		{2533892C-50A7-4024-ACC4-98E2E2FA38A6} = {687E7A04-A72E-479E-8960-1CB209E45785}
		{D0C71CB3-94CD-4DA4-9FF7-7C4FD5DB99BA} = {687E7A04-A72E-479E-8960-1CB209E45785}
		{7FCCC348-0E4F-4D31-825D-02E3B67D1E4E} = {687E7A04-A72E-479E-8960-1CB209E45785}
		{AFAB717B-38C7-4851-A578-0E6DFA914FBC} = {687E7A04-A72E-479E-8960-1CB209E45785}
		{DFBB0EDF-2001-4E8A-9095-80165F7911E7} = {687E7A04-A72E-479E-8960-1CB209E45785}
	EndGlobalSection
EndGlobal
